// !$*UTF8*$!
{
	archiveVersion = 1;
	classes = {
	};
	objectVersion = 56;
	objects = {

/* Begin PBXBuildFile section */
		2502295B2BB3DDE400C2906C /* Constants.swift in Sources */ = {isa = PBXBuildFile; fileRef = 2502295A2BB3DDE400C2906C /* Constants.swift */; };
		2502295D2BB3DDF200C2906C /* Enums.swift in Sources */ = {isa = PBXBuildFile; fileRef = 2502295C2BB3DDF200C2906C /* Enums.swift */; };
		250229612BB3DE7100C2906C /* HomeView.swift in Sources */ = {isa = PBXBuildFile; fileRef = 250229602BB3DE7100C2906C /* HomeView.swift */; };
		250229632BB3DF4600C2906C /* HeaderView.swift in Sources */ = {isa = PBXBuildFile; fileRef = 250229622BB3DF4600C2906C /* HeaderView.swift */; };
		250229652BB3E4BC00C2906C /* typealiases.swift in Sources */ = {isa = PBXBuildFile; fileRef = 250229642BB3E4BC00C2906C /* typealiases.swift */; };
		250229692BB40DE900C2906C /* Color+Extensions.swift in Sources */ = {isa = PBXBuildFile; fileRef = 250229682BB40DE900C2906C /* Color+Extensions.swift */; };
		2502296B2BB4134D00C2906C /* Product.swift in Sources */ = {isa = PBXBuildFile; fileRef = 2502296A2BB4134D00C2906C /* Product.swift */; };
		2502296D2BB4193900C2906C /* CategoryView.swift in Sources */ = {isa = PBXBuildFile; fileRef = 2502296C2BB4193900C2906C /* CategoryView.swift */; };
		2502296F2BB41B2600C2906C /* ContentView.swift in Sources */ = {isa = PBXBuildFile; fileRef = 2502296E2BB41B2600C2906C /* ContentView.swift */; };
		250229712BB4233B00C2906C /* ProductIteamView.swift in Sources */ = {isa = PBXBuildFile; fileRef = 250229702BB4233B00C2906C /* ProductIteamView.swift */; };
		90B7C66F2BA8052F00CE7D88 /* Project_HansiApp.swift in Sources */ = {isa = PBXBuildFile; fileRef = 90B7C66E2BA8052F00CE7D88 /* Project_HansiApp.swift */; };
		90B7C6732BA8053000CE7D88 /* Assets.xcassets in Resources */ = {isa = PBXBuildFile; fileRef = 90B7C6722BA8053000CE7D88 /* Assets.xcassets */; };
		90B7C6762BA8053000CE7D88 /* Preview Assets.xcassets in Resources */ = {isa = PBXBuildFile; fileRef = 90B7C6752BA8053000CE7D88 /* Preview Assets.xcassets */; };
		90B7C6802BA8053000CE7D88 /* Project_HansiTests.swift in Sources */ = {isa = PBXBuildFile; fileRef = 90B7C67F2BA8053000CE7D88 /* Project_HansiTests.swift */; };
		90B7C68A2BA8053000CE7D88 /* Project_HansiUITests.swift in Sources */ = {isa = PBXBuildFile; fileRef = 90B7C6892BA8053000CE7D88 /* Project_HansiUITests.swift */; };
		90B7C68C2BA8053000CE7D88 /* Project_HansiUITestsLaunchTests.swift in Sources */ = {isa = PBXBuildFile; fileRef = 90B7C68B2BA8053000CE7D88 /* Project_HansiUITestsLaunchTests.swift */; };
/* End PBXBuildFile section */

/* Begin PBXContainerItemProxy section */
		90B7C67C2BA8053000CE7D88 /* PBXContainerItemProxy */ = {
			isa = PBXContainerItemProxy;
			containerPortal = 90B7C6632BA8052F00CE7D88 /* Project object */;
			proxyType = 1;
			remoteGlobalIDString = 90B7C66A2BA8052F00CE7D88;
			remoteInfo = "Project Hansi";
		};
		90B7C6862BA8053000CE7D88 /* PBXContainerItemProxy */ = {
			isa = PBXContainerItemProxy;
			containerPortal = 90B7C6632BA8052F00CE7D88 /* Project object */;
			proxyType = 1;
			remoteGlobalIDString = 90B7C66A2BA8052F00CE7D88;
			remoteInfo = "Project Hansi";
		};
/* End PBXContainerItemProxy section */

/* Begin PBXFileReference section */
		2502295A2BB3DDE400C2906C /* Constants.swift */ = {isa = PBXFileReference; lastKnownFileType = sourcecode.swift; path = Constants.swift; sourceTree = "<group>"; };
		2502295C2BB3DDF200C2906C /* Enums.swift */ = {isa = PBXFileReference; lastKnownFileType = sourcecode.swift; path = Enums.swift; sourceTree = "<group>"; };
		250229602BB3DE7100C2906C /* HomeView.swift */ = {isa = PBXFileReference; lastKnownFileType = sourcecode.swift; path = HomeView.swift; sourceTree = "<group>"; };
		250229622BB3DF4600C2906C /* HeaderView.swift */ = {isa = PBXFileReference; lastKnownFileType = sourcecode.swift; path = HeaderView.swift; sourceTree = "<group>"; };
		250229642BB3E4BC00C2906C /* typealiases.swift */ = {isa = PBXFileReference; lastKnownFileType = sourcecode.swift; path = typealiases.swift; sourceTree = "<group>"; };
		250229682BB40DE900C2906C /* Color+Extensions.swift */ = {isa = PBXFileReference; lastKnownFileType = sourcecode.swift; path = "Color+Extensions.swift"; sourceTree = "<group>"; };
		2502296A2BB4134D00C2906C /* Product.swift */ = {isa = PBXFileReference; lastKnownFileType = sourcecode.swift; path = Product.swift; sourceTree = "<group>"; };
		2502296C2BB4193900C2906C /* CategoryView.swift */ = {isa = PBXFileReference; lastKnownFileType = sourcecode.swift; path = CategoryView.swift; sourceTree = "<group>"; };
		2502296E2BB41B2600C2906C /* ContentView.swift */ = {isa = PBXFileReference; lastKnownFileType = sourcecode.swift; path = ContentView.swift; sourceTree = "<group>"; };
		250229702BB4233B00C2906C /* ProductIteamView.swift */ = {isa = PBXFileReference; lastKnownFileType = sourcecode.swift; path = ProductIteamView.swift; sourceTree = "<group>"; };
		90B7C66B2BA8052F00CE7D88 /* Project Hansi.app */ = {isa = PBXFileReference; explicitFileType = wrapper.application; includeInIndex = 0; path = "Project Hansi.app"; sourceTree = BUILT_PRODUCTS_DIR; };
		90B7C66E2BA8052F00CE7D88 /* Project_HansiApp.swift */ = {isa = PBXFileReference; lastKnownFileType = sourcecode.swift; path = Project_HansiApp.swift; sourceTree = "<group>"; };
		90B7C6722BA8053000CE7D88 /* Assets.xcassets */ = {isa = PBXFileReference; lastKnownFileType = folder.assetcatalog; path = Assets.xcassets; sourceTree = "<group>"; };
		90B7C6752BA8053000CE7D88 /* Preview Assets.xcassets */ = {isa = PBXFileReference; lastKnownFileType = folder.assetcatalog; path = "Preview Assets.xcassets"; sourceTree = "<group>"; };
		90B7C67B2BA8053000CE7D88 /* Project HansiTests.xctest */ = {isa = PBXFileReference; explicitFileType = wrapper.cfbundle; includeInIndex = 0; path = "Project HansiTests.xctest"; sourceTree = BUILT_PRODUCTS_DIR; };
		90B7C67F2BA8053000CE7D88 /* Project_HansiTests.swift */ = {isa = PBXFileReference; lastKnownFileType = sourcecode.swift; path = Project_HansiTests.swift; sourceTree = "<group>"; };
		90B7C6852BA8053000CE7D88 /* Project HansiUITests.xctest */ = {isa = PBXFileReference; explicitFileType = wrapper.cfbundle; includeInIndex = 0; path = "Project HansiUITests.xctest"; sourceTree = BUILT_PRODUCTS_DIR; };
		90B7C6892BA8053000CE7D88 /* Project_HansiUITests.swift */ = {isa = PBXFileReference; lastKnownFileType = sourcecode.swift; path = Project_HansiUITests.swift; sourceTree = "<group>"; };
		90B7C68B2BA8053000CE7D88 /* Project_HansiUITestsLaunchTests.swift */ = {isa = PBXFileReference; lastKnownFileType = sourcecode.swift; path = Project_HansiUITestsLaunchTests.swift; sourceTree = "<group>"; };
/* End PBXFileReference section */

/* Begin PBXFrameworksBuildPhase section */
		90B7C6682BA8052F00CE7D88 /* Frameworks */ = {
			isa = PBXFrameworksBuildPhase;
			buildActionMask = 2147483647;
			files = (
			);
			runOnlyForDeploymentPostprocessing = 0;
		};
		90B7C6782BA8053000CE7D88 /* Frameworks */ = {
			isa = PBXFrameworksBuildPhase;
			buildActionMask = 2147483647;
			files = (
			);
			runOnlyForDeploymentPostprocessing = 0;
		};
		90B7C6822BA8053000CE7D88 /* Frameworks */ = {
			isa = PBXFrameworksBuildPhase;
			buildActionMask = 2147483647;
			files = (
			);
			runOnlyForDeploymentPostprocessing = 0;
		};
/* End PBXFrameworksBuildPhase section */

/* Begin PBXGroup section */
		250229532BB3DD1600C2906C /* ViewModels */ = {
			isa = PBXGroup;
			children = (
			);
			path = ViewModels;
			sourceTree = "<group>";
		};
		250229542BB3DD3300C2906C /* Views */ = {
			isa = PBXGroup;
			children = (
				2502295F2BB3DE3F00C2906C /* MainViews */,
				2502295E2BB3DE2300C2906C /* SupportingViews */,
			);
			path = Views;
			sourceTree = "<group>";
		};
		250229552BB3DD5800C2906C /* Models */ = {
			isa = PBXGroup;
			children = (
				2502296A2BB4134D00C2906C /* Product.swift */,
			);
			path = Models;
			sourceTree = "<group>";
		};
		250229562BB3DD6200C2906C /* Support */ = {
			isa = PBXGroup;
			children = (
				250229672BB40DCE00C2906C /* Extensions */,
				2502295A2BB3DDE400C2906C /* Constants.swift */,
				2502295C2BB3DDF200C2906C /* Enums.swift */,
				250229642BB3E4BC00C2906C /* typealiases.swift */,
			);
			path = Support;
			sourceTree = "<group>";
		};
		250229572BB3DD7300C2906C /* Application */ = {
			isa = PBXGroup;
			children = (
				90B7C66E2BA8052F00CE7D88 /* Project_HansiApp.swift */,
			);
			path = Application;
			sourceTree = "<group>";
		};
		2502295E2BB3DE2300C2906C /* SupportingViews */ = {
			isa = PBXGroup;
			children = (
				250229622BB3DF4600C2906C /* HeaderView.swift */,
				2502296C2BB4193900C2906C /* CategoryView.swift */,
				250229702BB4233B00C2906C /* ProductIteamView.swift */,
			);
			path = SupportingViews;
			sourceTree = "<group>";
		};
		2502295F2BB3DE3F00C2906C /* MainViews */ = {
			isa = PBXGroup;
			children = (
				250229602BB3DE7100C2906C /* HomeView.swift */,
			);
			path = MainViews;
			sourceTree = "<group>";
		};
		250229672BB40DCE00C2906C /* Extensions */ = {
			isa = PBXGroup;
			children = (
				250229682BB40DE900C2906C /* Color+Extensions.swift */,
			);
			path = Extensions;
			sourceTree = "<group>";
		};
		90B7C6622BA8052F00CE7D88 = {
			isa = PBXGroup;
			children = (
				90B7C66D2BA8052F00CE7D88 /* Project Hansi */,
				90B7C67E2BA8053000CE7D88 /* Project HansiTests */,
				90B7C6882BA8053000CE7D88 /* Project HansiUITests */,
				90B7C66C2BA8052F00CE7D88 /* Products */,
			);
			sourceTree = "<group>";
		};
		90B7C66C2BA8052F00CE7D88 /* Products */ = {
			isa = PBXGroup;
			children = (
				90B7C66B2BA8052F00CE7D88 /* Project Hansi.app */,
				90B7C67B2BA8053000CE7D88 /* Project HansiTests.xctest */,
				90B7C6852BA8053000CE7D88 /* Project HansiUITests.xctest */,
			);
			name = Products;
			sourceTree = "<group>";
		};
		90B7C66D2BA8052F00CE7D88 /* Project Hansi */ = {
			isa = PBXGroup;
			children = (
				250229572BB3DD7300C2906C /* Application */,
				250229562BB3DD6200C2906C /* Support */,
				250229552BB3DD5800C2906C /* Models */,
				250229542BB3DD3300C2906C /* Views */,
				250229532BB3DD1600C2906C /* ViewModels */,
				90B7C6722BA8053000CE7D88 /* Assets.xcassets */,
				2502296E2BB41B2600C2906C /* ContentView.swift */,
				90B7C6742BA8053000CE7D88 /* Preview Content */,
			);
			path = "Project Hansi";
			sourceTree = "<group>";
		};
		90B7C6742BA8053000CE7D88 /* Preview Content */ = {
			isa = PBXGroup;
			children = (
				90B7C6752BA8053000CE7D88 /* Preview Assets.xcassets */,
			);
			path = "Preview Content";
			sourceTree = "<group>";
		};
		90B7C67E2BA8053000CE7D88 /* Project HansiTests */ = {
			isa = PBXGroup;
			children = (
				90B7C67F2BA8053000CE7D88 /* Project_HansiTests.swift */,
			);
			path = "Project HansiTests";
			sourceTree = "<group>";
		};
		90B7C6882BA8053000CE7D88 /* Project HansiUITests */ = {
			isa = PBXGroup;
			children = (
				90B7C6892BA8053000CE7D88 /* Project_HansiUITests.swift */,
				90B7C68B2BA8053000CE7D88 /* Project_HansiUITestsLaunchTests.swift */,
			);
			path = "Project HansiUITests";
			sourceTree = "<group>";
		};
/* End PBXGroup section */

/* Begin PBXNativeTarget section */
		90B7C66A2BA8052F00CE7D88 /* Project Hansi */ = {
			isa = PBXNativeTarget;
			buildConfigurationList = 90B7C68F2BA8053000CE7D88 /* Build configuration list for PBXNativeTarget "Project Hansi" */;
			buildPhases = (
				90B7C6672BA8052F00CE7D88 /* Sources */,
				90B7C6682BA8052F00CE7D88 /* Frameworks */,
				90B7C6692BA8052F00CE7D88 /* Resources */,
			);
			buildRules = (
			);
			dependencies = (
			);
			name = "Project Hansi";
			productName = "Project Hansi";
			productReference = 90B7C66B2BA8052F00CE7D88 /* Project Hansi.app */;
			productType = "com.apple.product-type.application";
		};
		90B7C67A2BA8053000CE7D88 /* Project HansiTests */ = {
			isa = PBXNativeTarget;
			buildConfigurationList = 90B7C6922BA8053000CE7D88 /* Build configuration list for PBXNativeTarget "Project HansiTests" */;
			buildPhases = (
				90B7C6772BA8053000CE7D88 /* Sources */,
				90B7C6782BA8053000CE7D88 /* Frameworks */,
				90B7C6792BA8053000CE7D88 /* Resources */,
			);
			buildRules = (
			);
			dependencies = (
				90B7C67D2BA8053000CE7D88 /* PBXTargetDependency */,
			);
			name = "Project HansiTests";
			productName = "Project HansiTests";
			productReference = 90B7C67B2BA8053000CE7D88 /* Project HansiTests.xctest */;
			productType = "com.apple.product-type.bundle.unit-test";
		};
		90B7C6842BA8053000CE7D88 /* Project HansiUITests */ = {
			isa = PBXNativeTarget;
			buildConfigurationList = 90B7C6952BA8053000CE7D88 /* Build configuration list for PBXNativeTarget "Project HansiUITests" */;
			buildPhases = (
				90B7C6812BA8053000CE7D88 /* Sources */,
				90B7C6822BA8053000CE7D88 /* Frameworks */,
				90B7C6832BA8053000CE7D88 /* Resources */,
			);
			buildRules = (
			);
			dependencies = (
				90B7C6872BA8053000CE7D88 /* PBXTargetDependency */,
			);
			name = "Project HansiUITests";
			productName = "Project HansiUITests";
			productReference = 90B7C6852BA8053000CE7D88 /* Project HansiUITests.xctest */;
			productType = "com.apple.product-type.bundle.ui-testing";
		};
/* End PBXNativeTarget section */

/* Begin PBXProject section */
		90B7C6632BA8052F00CE7D88 /* Project object */ = {
			isa = PBXProject;
			attributes = {
				BuildIndependentTargetsInParallel = 1;
				LastSwiftUpdateCheck = 1520;
				LastUpgradeCheck = 1520;
				TargetAttributes = {
					90B7C66A2BA8052F00CE7D88 = {
						CreatedOnToolsVersion = 15.2;
					};
					90B7C67A2BA8053000CE7D88 = {
						CreatedOnToolsVersion = 15.2;
						TestTargetID = 90B7C66A2BA8052F00CE7D88;
					};
					90B7C6842BA8053000CE7D88 = {
						CreatedOnToolsVersion = 15.2;
						TestTargetID = 90B7C66A2BA8052F00CE7D88;
					};
				};
			};
			buildConfigurationList = 90B7C6662BA8052F00CE7D88 /* Build configuration list for PBXProject "Project Hansi" */;
			compatibilityVersion = "Xcode 14.0";
			developmentRegion = en;
			hasScannedForEncodings = 0;
			knownRegions = (
				en,
				Base,
			);
			mainGroup = 90B7C6622BA8052F00CE7D88;
			productRefGroup = 90B7C66C2BA8052F00CE7D88 /* Products */;
			projectDirPath = "";
			projectRoot = "";
			targets = (
				90B7C66A2BA8052F00CE7D88 /* Project Hansi */,
				90B7C67A2BA8053000CE7D88 /* Project HansiTests */,
				90B7C6842BA8053000CE7D88 /* Project HansiUITests */,
			);
		};
/* End PBXProject section */

/* Begin PBXResourcesBuildPhase section */
		90B7C6692BA8052F00CE7D88 /* Resources */ = {
			isa = PBXResourcesBuildPhase;
			buildActionMask = 2147483647;
			files = (
				90B7C6762BA8053000CE7D88 /* Preview Assets.xcassets in Resources */,
				90B7C6732BA8053000CE7D88 /* Assets.xcassets in Resources */,
			);
			runOnlyForDeploymentPostprocessing = 0;
		};
		90B7C6792BA8053000CE7D88 /* Resources */ = {
			isa = PBXResourcesBuildPhase;
			buildActionMask = 2147483647;
			files = (
			);
			runOnlyForDeploymentPostprocessing = 0;
		};
		90B7C6832BA8053000CE7D88 /* Resources */ = {
			isa = PBXResourcesBuildPhase;
			buildActionMask = 2147483647;
			files = (
			);
			runOnlyForDeploymentPostprocessing = 0;
		};
/* End PBXResourcesBuildPhase section */

/* Begin PBXSourcesBuildPhase section */
		90B7C6672BA8052F00CE7D88 /* Sources */ = {
			isa = PBXSourcesBuildPhase;
			buildActionMask = 2147483647;
			files = (
				250229632BB3DF4600C2906C /* HeaderView.swift in Sources */,
				2502296B2BB4134D00C2906C /* Product.swift in Sources */,
				90B7C66F2BA8052F00CE7D88 /* Project_HansiApp.swift in Sources */,
				2502296D2BB4193900C2906C /* CategoryView.swift in Sources */,
				250229712BB4233B00C2906C /* ProductIteamView.swift in Sources */,
				250229692BB40DE900C2906C /* Color+Extensions.swift in Sources */,
				2502295D2BB3DDF200C2906C /* Enums.swift in Sources */,
				2502296F2BB41B2600C2906C /* ContentView.swift in Sources */,
				250229652BB3E4BC00C2906C /* typealiases.swift in Sources */,
				250229612BB3DE7100C2906C /* HomeView.swift in Sources */,
				2502295B2BB3DDE400C2906C /* Constants.swift in Sources */,
			);
			runOnlyForDeploymentPostprocessing = 0;
		};
		90B7C6772BA8053000CE7D88 /* Sources */ = {
			isa = PBXSourcesBuildPhase;
			buildActionMask = 2147483647;
			files = (
				90B7C6802BA8053000CE7D88 /* Project_HansiTests.swift in Sources */,
			);
			runOnlyForDeploymentPostprocessing = 0;
		};
		90B7C6812BA8053000CE7D88 /* Sources */ = {
			isa = PBXSourcesBuildPhase;
			buildActionMask = 2147483647;
			files = (
				90B7C68C2BA8053000CE7D88 /* Project_HansiUITestsLaunchTests.swift in Sources */,
				90B7C68A2BA8053000CE7D88 /* Project_HansiUITests.swift in Sources */,
			);
			runOnlyForDeploymentPostprocessing = 0;
		};
/* End PBXSourcesBuildPhase section */

/* Begin PBXTargetDependency section */
		90B7C67D2BA8053000CE7D88 /* PBXTargetDependency */ = {
			isa = PBXTargetDependency;
			target = 90B7C66A2BA8052F00CE7D88 /* Project Hansi */;
			targetProxy = 90B7C67C2BA8053000CE7D88 /* PBXContainerItemProxy */;
		};
		90B7C6872BA8053000CE7D88 /* PBXTargetDependency */ = {
			isa = PBXTargetDependency;
			target = 90B7C66A2BA8052F00CE7D88 /* Project Hansi */;
			targetProxy = 90B7C6862BA8053000CE7D88 /* PBXContainerItemProxy */;
		};
/* End PBXTargetDependency section */

/* Begin XCBuildConfiguration section */
		90B7C68D2BA8053000CE7D88 /* Debug */ = {
			isa = XCBuildConfiguration;
			buildSettings = {
				ALWAYS_SEARCH_USER_PATHS = NO;
				ASSETCATALOG_COMPILER_GENERATE_SWIFT_ASSET_SYMBOL_EXTENSIONS = YES;
				CLANG_ANALYZER_NONNULL = YES;
				CLANG_ANALYZER_NUMBER_OBJECT_CONVERSION = YES_AGGRESSIVE;
				CLANG_CXX_LANGUAGE_STANDARD = "gnu++20";
				CLANG_ENABLE_MODULES = YES;
				CLANG_ENABLE_OBJC_ARC = YES;
				CLANG_ENABLE_OBJC_WEAK = YES;
				CLANG_WARN_BLOCK_CAPTURE_AUTORELEASING = YES;
				CLANG_WARN_BOOL_CONVERSION = YES;
				CLANG_WARN_COMMA = YES;
				CLANG_WARN_CONSTANT_CONVERSION = YES;
				CLANG_WARN_DEPRECATED_OBJC_IMPLEMENTATIONS = YES;
				CLANG_WARN_DIRECT_OBJC_ISA_USAGE = YES_ERROR;
				CLANG_WARN_DOCUMENTATION_COMMENTS = YES;
				CLANG_WARN_EMPTY_BODY = YES;
				CLANG_WARN_ENUM_CONVERSION = YES;
				CLANG_WARN_INFINITE_RECURSION = YES;
				CLANG_WARN_INT_CONVERSION = YES;
				CLANG_WARN_NON_LITERAL_NULL_CONVERSION = YES;
				CLANG_WARN_OBJC_IMPLICIT_RETAIN_SELF = YES;
				CLANG_WARN_OBJC_LITERAL_CONVERSION = YES;
				CLANG_WARN_OBJC_ROOT_CLASS = YES_ERROR;
				CLANG_WARN_QUOTED_INCLUDE_IN_FRAMEWORK_HEADER = YES;
				CLANG_WARN_RANGE_LOOP_ANALYSIS = YES;
				CLANG_WARN_STRICT_PROTOTYPES = YES;
				CLANG_WARN_SUSPICIOUS_MOVE = YES;
				CLANG_WARN_UNGUARDED_AVAILABILITY = YES_AGGRESSIVE;
				CLANG_WARN_UNREACHABLE_CODE = YES;
				CLANG_WARN__DUPLICATE_METHOD_MATCH = YES;
				COPY_PHASE_STRIP = NO;
				DEBUG_INFORMATION_FORMAT = dwarf;
				ENABLE_STRICT_OBJC_MSGSEND = YES;
				ENABLE_TESTABILITY = YES;
				ENABLE_USER_SCRIPT_SANDBOXING = YES;
				GCC_C_LANGUAGE_STANDARD = gnu17;
				GCC_DYNAMIC_NO_PIC = NO;
				GCC_NO_COMMON_BLOCKS = YES;
				GCC_OPTIMIZATION_LEVEL = 0;
				GCC_PREPROCESSOR_DEFINITIONS = (
					"DEBUG=1",
					"$(inherited)",
				);
				GCC_WARN_64_TO_32_BIT_CONVERSION = YES;
				GCC_WARN_ABOUT_RETURN_TYPE = YES_ERROR;
				GCC_WARN_UNDECLARED_SELECTOR = YES;
				GCC_WARN_UNINITIALIZED_AUTOS = YES_AGGRESSIVE;
				GCC_WARN_UNUSED_FUNCTION = YES;
				GCC_WARN_UNUSED_VARIABLE = YES;
				IPHONEOS_DEPLOYMENT_TARGET = 17.2;
				LOCALIZATION_PREFERS_STRING_CATALOGS = YES;
				MTL_ENABLE_DEBUG_INFO = INCLUDE_SOURCE;
				MTL_FAST_MATH = YES;
				ONLY_ACTIVE_ARCH = YES;
				SDKROOT = iphoneos;
				SWIFT_ACTIVE_COMPILATION_CONDITIONS = "DEBUG $(inherited)";
				SWIFT_OPTIMIZATION_LEVEL = "-Onone";
			};
			name = Debug;
		};
		90B7C68E2BA8053000CE7D88 /* Release */ = {
			isa = XCBuildConfiguration;
			buildSettings = {
				ALWAYS_SEARCH_USER_PATHS = NO;
				ASSETCATALOG_COMPILER_GENERATE_SWIFT_ASSET_SYMBOL_EXTENSIONS = YES;
				CLANG_ANALYZER_NONNULL = YES;
				CLANG_ANALYZER_NUMBER_OBJECT_CONVERSION = YES_AGGRESSIVE;
				CLANG_CXX_LANGUAGE_STANDARD = "gnu++20";
				CLANG_ENABLE_MODULES = YES;
				CLANG_ENABLE_OBJC_ARC = YES;
				CLANG_ENABLE_OBJC_WEAK = YES;
				CLANG_WARN_BLOCK_CAPTURE_AUTORELEASING = YES;
				CLANG_WARN_BOOL_CONVERSION = YES;
				CLANG_WARN_COMMA = YES;
				CLANG_WARN_CONSTANT_CONVERSION = YES;
				CLANG_WARN_DEPRECATED_OBJC_IMPLEMENTATIONS = YES;
				CLANG_WARN_DIRECT_OBJC_ISA_USAGE = YES_ERROR;
				CLANG_WARN_DOCUMENTATION_COMMENTS = YES;
				CLANG_WARN_EMPTY_BODY = YES;
				CLANG_WARN_ENUM_CONVERSION = YES;
				CLANG_WARN_INFINITE_RECURSION = YES;
				CLANG_WARN_INT_CONVERSION = YES;
				CLANG_WARN_NON_LITERAL_NULL_CONVERSION = YES;
				CLANG_WARN_OBJC_IMPLICIT_RETAIN_SELF = YES;
				CLANG_WARN_OBJC_LITERAL_CONVERSION = YES;
				CLANG_WARN_OBJC_ROOT_CLASS = YES_ERROR;
				CLANG_WARN_QUOTED_INCLUDE_IN_FRAMEWORK_HEADER = YES;
				CLANG_WARN_RANGE_LOOP_ANALYSIS = YES;
				CLANG_WARN_STRICT_PROTOTYPES = YES;
				CLANG_WARN_SUSPICIOUS_MOVE = YES;
				CLANG_WARN_UNGUARDED_AVAILABILITY = YES_AGGRESSIVE;
				CLANG_WARN_UNREACHABLE_CODE = YES;
				CLANG_WARN__DUPLICATE_METHOD_MATCH = YES;
				COPY_PHASE_STRIP = NO;
				DEBUG_INFORMATION_FORMAT = "dwarf-with-dsym";
				ENABLE_NS_ASSERTIONS = NO;
				ENABLE_STRICT_OBJC_MSGSEND = YES;
				ENABLE_USER_SCRIPT_SANDBOXING = YES;
				GCC_C_LANGUAGE_STANDARD = gnu17;
				GCC_NO_COMMON_BLOCKS = YES;
				GCC_WARN_64_TO_32_BIT_CONVERSION = YES;
				GCC_WARN_ABOUT_RETURN_TYPE = YES_ERROR;
				GCC_WARN_UNDECLARED_SELECTOR = YES;
				GCC_WARN_UNINITIALIZED_AUTOS = YES_AGGRESSIVE;
				GCC_WARN_UNUSED_FUNCTION = YES;
				GCC_WARN_UNUSED_VARIABLE = YES;
				IPHONEOS_DEPLOYMENT_TARGET = 17.2;
				LOCALIZATION_PREFERS_STRING_CATALOGS = YES;
				MTL_ENABLE_DEBUG_INFO = NO;
				MTL_FAST_MATH = YES;
				SDKROOT = iphoneos;
				SWIFT_COMPILATION_MODE = wholemodule;
				VALIDATE_PRODUCT = YES;
			};
			name = Release;
		};
		90B7C6902BA8053000CE7D88 /* Debug */ = {
			isa = XCBuildConfiguration;
			buildSettings = {
				ASSETCATALOG_COMPILER_APPICON_NAME = AppIcon;
				ASSETCATALOG_COMPILER_GLOBAL_ACCENT_COLOR_NAME = AccentColor;
				CODE_SIGN_STYLE = Automatic;
				CURRENT_PROJECT_VERSION = 1;
				DEVELOPMENT_ASSET_PATHS = "\"Project Hansi/Preview Content\"";
				ENABLE_PREVIEWS = YES;
				GENERATE_INFOPLIST_FILE = YES;
				INFOPLIST_KEY_UIApplicationSceneManifest_Generation = YES;
				INFOPLIST_KEY_UIApplicationSupportsIndirectInputEvents = YES;
				INFOPLIST_KEY_UILaunchScreen_Generation = YES;
				INFOPLIST_KEY_UISupportedInterfaceOrientations_iPad = "UIInterfaceOrientationPortrait UIInterfaceOrientationPortraitUpsideDown UIInterfaceOrientationLandscapeLeft UIInterfaceOrientationLandscapeRight";
				INFOPLIST_KEY_UISupportedInterfaceOrientations_iPhone = "UIInterfaceOrientationPortrait UIInterfaceOrientationLandscapeLeft UIInterfaceOrientationLandscapeRight";
				LD_RUNPATH_SEARCH_PATHS = (
					"$(inherited)",
					"@executable_path/Frameworks",
				);
				MARKETING_VERSION = 1.0;
				PRODUCT_BUNDLE_IDENTIFIER = "com.MDFSPayoe.Project-Hansi";
				PRODUCT_NAME = "$(TARGET_NAME)";
				SWIFT_EMIT_LOC_STRINGS = YES;
				SWIFT_VERSION = 5.0;
				TARGETED_DEVICE_FAMILY = "1,2";
			};
			name = Debug;
		};
		90B7C6912BA8053000CE7D88 /* Release */ = {
			isa = XCBuildConfiguration;
			buildSettings = {
				ASSETCATALOG_COMPILER_APPICON_NAME = AppIcon;
				ASSETCATALOG_COMPILER_GLOBAL_ACCENT_COLOR_NAME = AccentColor;
				CODE_SIGN_STYLE = Automatic;
				CURRENT_PROJECT_VERSION = 1;
				DEVELOPMENT_ASSET_PATHS = "\"Project Hansi/Preview Content\"";
				ENABLE_PREVIEWS = YES;
				GENERATE_INFOPLIST_FILE = YES;
				INFOPLIST_KEY_UIApplicationSceneManifest_Generation = YES;
				INFOPLIST_KEY_UIApplicationSupportsIndirectInputEvents = YES;
				INFOPLIST_KEY_UILaunchScreen_Generation = YES;
				INFOPLIST_KEY_UISupportedInterfaceOrientations_iPad = "UIInterfaceOrientationPortrait UIInterfaceOrientationPortraitUpsideDown UIInterfaceOrientationLandscapeLeft UIInterfaceOrientationLandscapeRight";
				INFOPLIST_KEY_UISupportedInterfaceOrientations_iPhone = "UIInterfaceOrientationPortrait UIInterfaceOrientationLandscapeLeft UIInterfaceOrientationLandscapeRight";
				LD_RUNPATH_SEARCH_PATHS = (
					"$(inherited)",
					"@executable_path/Frameworks",
				);
				MARKETING_VERSION = 1.0;
				PRODUCT_BUNDLE_IDENTIFIER = "com.MDFSPayoe.Project-Hansi";
				PRODUCT_NAME = "$(TARGET_NAME)";
				SWIFT_EMIT_LOC_STRINGS = YES;
				SWIFT_VERSION = 5.0;
				TARGETED_DEVICE_FAMILY = "1,2";
			};
			name = Release;
		};
		90B7C6932BA8053000CE7D88 /* Debug */ = {
			isa = XCBuildConfiguration;
			buildSettings = {
				ALWAYS_EMBED_SWIFT_STANDARD_LIBRARIES = YES;
				BUNDLE_LOADER = "$(TEST_HOST)";
				CODE_SIGN_STYLE = Automatic;
				CURRENT_PROJECT_VERSION = 1;
				GENERATE_INFOPLIST_FILE = YES;
				IPHONEOS_DEPLOYMENT_TARGET = 17.2;
				MARKETING_VERSION = 1.0;
				PRODUCT_BUNDLE_IDENTIFIER = "com.MDFSPayoe.Project-HansiTests";
				PRODUCT_NAME = "$(TARGET_NAME)";
				SWIFT_EMIT_LOC_STRINGS = NO;
				SWIFT_VERSION = 5.0;
				TARGETED_DEVICE_FAMILY = "1,2";
				TEST_HOST = "$(BUILT_PRODUCTS_DIR)/Project Hansi.app/$(BUNDLE_EXECUTABLE_FOLDER_PATH)/Project Hansi";
			};
			name = Debug;
		};
		90B7C6942BA8053000CE7D88 /* Release */ = {
			isa = XCBuildConfiguration;
			buildSettings = {
				ALWAYS_EMBED_SWIFT_STANDARD_LIBRARIES = YES;
				BUNDLE_LOADER = "$(TEST_HOST)";
				CODE_SIGN_STYLE = Automatic;
				CURRENT_PROJECT_VERSION = 1;
				GENERATE_INFOPLIST_FILE = YES;
				IPHONEOS_DEPLOYMENT_TARGET = 17.2;
				MARKETING_VERSION = 1.0;
				PRODUCT_BUNDLE_IDENTIFIER = "com.MDFSPayoe.Project-HansiTests";
				PRODUCT_NAME = "$(TARGET_NAME)";
				SWIFT_EMIT_LOC_STRINGS = NO;
				SWIFT_VERSION = 5.0;
				TARGETED_DEVICE_FAMILY = "1,2";
				TEST_HOST = "$(BUILT_PRODUCTS_DIR)/Project Hansi.app/$(BUNDLE_EXECUTABLE_FOLDER_PATH)/Project Hansi";
			};
			name = Release;
		};
		90B7C6962BA8053000CE7D88 /* Debug */ = {
			isa = XCBuildConfiguration;
			buildSettings = {
				ALWAYS_EMBED_SWIFT_STANDARD_LIBRARIES = YES;
				CODE_SIGN_STYLE = Automatic;
				CURRENT_PROJECT_VERSION = 1;
				GENERATE_INFOPLIST_FILE = YES;
				MARKETING_VERSION = 1.0;
				PRODUCT_BUNDLE_IDENTIFIER = "com.MDFSPayoe.Project-HansiUITests";
				PRODUCT_NAME = "$(TARGET_NAME)";
				SWIFT_EMIT_LOC_STRINGS = NO;
				SWIFT_VERSION = 5.0;
				TARGETED_DEVICE_FAMILY = "1,2";
				TEST_TARGET_NAME = "Project Hansi";
			};
			name = Debug;
		};
		90B7C6972BA8053000CE7D88 /* Release */ = {
			isa = XCBuildConfiguration;
			buildSettings = {
				ALWAYS_EMBED_SWIFT_STANDARD_LIBRARIES = YES;
				CODE_SIGN_STYLE = Automatic;
				CURRENT_PROJECT_VERSION = 1;
				GENERATE_INFOPLIST_FILE = YES;
				MARKETING_VERSION = 1.0;
				PRODUCT_BUNDLE_IDENTIFIER = "com.MDFSPayoe.Project-HansiUITests";
				PRODUCT_NAME = "$(TARGET_NAME)";
				SWIFT_EMIT_LOC_STRINGS = NO;
				SWIFT_VERSION = 5.0;
				TARGETED_DEVICE_FAMILY = "1,2";
				TEST_TARGET_NAME = "Project Hansi";
			};
			name = Release;
		};
/* End XCBuildConfiguration section */

/* Begin XCConfigurationList section */
		90B7C6662BA8052F00CE7D88 /* Build configuration list for PBXProject "Project Hansi" */ = {
			isa = XCConfigurationList;
			buildConfigurations = (
				90B7C68D2BA8053000CE7D88 /* Debug */,
				90B7C68E2BA8053000CE7D88 /* Release */,
			);
			defaultConfigurationIsVisible = 0;
			defaultConfigurationName = Release;
		};
		90B7C68F2BA8053000CE7D88 /* Build configuration list for PBXNativeTarget "Project Hansi" */ = {
			isa = XCConfigurationList;
			buildConfigurations = (
				90B7C6902BA8053000CE7D88 /* Debug */,
				90B7C6912BA8053000CE7D88 /* Release */,
			);
			defaultConfigurationIsVisible = 0;
			defaultConfigurationName = Release;
		};
		90B7C6922BA8053000CE7D88 /* Build configuration list for PBXNativeTarget "Project HansiTests" */ = {
			isa = XCConfigurationList;
			buildConfigurations = (
				90B7C6932BA8053000CE7D88 /* Debug */,
				90B7C6942BA8053000CE7D88 /* Release */,
			);
			defaultConfigurationIsVisible = 0;
			defaultConfigurationName = Release;
		};
		90B7C6952BA8053000CE7D88 /* Build configuration list for PBXNativeTarget "Project HansiUITests" */ = {
			isa = XCConfigurationList;
			buildConfigurations = (
				90B7C6962BA8053000CE7D88 /* Debug */,
				90B7C6972BA8053000CE7D88 /* Release */,
			);
			defaultConfigurationIsVisible = 0;
			defaultConfigurationName = Release;
		};
/* End XCConfigurationList section */
	};
	rootObject = 90B7C6632BA8052F00CE7D88 /* Project object */;
}
